// !$*UTF8*$!
{
	archiveVersion = 1;
	classes = {
	};
	objectVersion = 46;
	objects = {

/* Begin PBXBuildFile section */
		64A0842D150D7DF200BE94AC /* Cocoa.framework in Frameworks */ = {isa = PBXBuildFile; fileRef = 64A0842C150D7DF200BE94AC /* Cocoa.framework */; };
		64A08437150D7DF200BE94AC /* InfoPlist.strings in Resources */ = {isa = PBXBuildFile; fileRef = 64A08435150D7DF200BE94AC /* InfoPlist.strings */; };
		64A08439150D7DF200BE94AC /* main.m in Sources */ = {isa = PBXBuildFile; fileRef = 64A08438150D7DF200BE94AC /* main.m */; };
		64A0843D150D7DF200BE94AC /* Credits.rtf in Resources */ = {isa = PBXBuildFile; fileRef = 64A0843B150D7DF200BE94AC /* Credits.rtf */; };
		64A08440150D7DF200BE94AC /* PMPAppDelegate.m in Sources */ = {isa = PBXBuildFile; fileRef = 64A0843F150D7DF200BE94AC /* PMPAppDelegate.m */; };
		64A08443150D7DF200BE94AC /* MainMenu.xib in Resources */ = {isa = PBXBuildFile; fileRef = 64A08441150D7DF200BE94AC /* MainMenu.xib */; };
		64A08463150D7E2500BE94AC /* PMPKVObservation.m in Sources */ = {isa = PBXBuildFile; fileRef = 64A08462150D7E2500BE94AC /* PMPKVObservation.m */; };
		64A08466150D7EE000BE94AC /* TestObservee.m in Sources */ = {isa = PBXBuildFile; fileRef = 64A08465150D7EE000BE94AC /* TestObservee.m */; };
		64A0846D150D890B00BE94AC /* PMPKVOTests.m in Sources */ = {isa = PBXBuildFile; fileRef = 64A0846C150D890B00BE94AC /* PMPKVOTests.m */; };
		64EA06A3150ED2DA00E0934C /* README.textile in Resources */ = {isa = PBXBuildFile; fileRef = 64EA06A2150ED2DA00E0934C /* README.textile */; };
/* End PBXBuildFile section */

/* Begin PBXFileReference section */
		64A08428150D7DF200BE94AC /* PMPKVO Sample App.app */ = {isa = PBXFileReference; explicitFileType = wrapper.application; includeInIndex = 0; path = "PMPKVO Sample App.app"; sourceTree = BUILT_PRODUCTS_DIR; };
		64A0842C150D7DF200BE94AC /* Cocoa.framework */ = {isa = PBXFileReference; lastKnownFileType = wrapper.framework; name = Cocoa.framework; path = System/Library/Frameworks/Cocoa.framework; sourceTree = SDKROOT; };
		64A0842F150D7DF200BE94AC /* AppKit.framework */ = {isa = PBXFileReference; lastKnownFileType = wrapper.framework; name = AppKit.framework; path = System/Library/Frameworks/AppKit.framework; sourceTree = SDKROOT; };
		64A08430150D7DF200BE94AC /* CoreData.framework */ = {isa = PBXFileReference; lastKnownFileType = wrapper.framework; name = CoreData.framework; path = System/Library/Frameworks/CoreData.framework; sourceTree = SDKROOT; };
		64A08431150D7DF200BE94AC /* Foundation.framework */ = {isa = PBXFileReference; lastKnownFileType = wrapper.framework; name = Foundation.framework; path = System/Library/Frameworks/Foundation.framework; sourceTree = SDKROOT; };
		64A08434150D7DF200BE94AC /* PMPKVO Sample App-Info.plist */ = {isa = PBXFileReference; lastKnownFileType = text.plist.xml; path = "PMPKVO Sample App-Info.plist"; sourceTree = "<group>"; };
		64A08436150D7DF200BE94AC /* en */ = {isa = PBXFileReference; lastKnownFileType = text.plist.strings; name = en; path = en.lproj/InfoPlist.strings; sourceTree = "<group>"; };
		64A08438150D7DF200BE94AC /* main.m */ = {isa = PBXFileReference; lastKnownFileType = sourcecode.c.objc; path = main.m; sourceTree = "<group>"; };
		64A0843A150D7DF200BE94AC /* PMPKVO Sample App-Prefix.pch */ = {isa = PBXFileReference; lastKnownFileType = sourcecode.c.h; path = "PMPKVO Sample App-Prefix.pch"; sourceTree = "<group>"; };
		64A0843C150D7DF200BE94AC /* en */ = {isa = PBXFileReference; lastKnownFileType = text.rtf; name = en; path = en.lproj/Credits.rtf; sourceTree = "<group>"; };
		64A0843E150D7DF200BE94AC /* PMPAppDelegate.h */ = {isa = PBXFileReference; lastKnownFileType = sourcecode.c.h; path = PMPAppDelegate.h; sourceTree = "<group>"; };
		64A0843F150D7DF200BE94AC /* PMPAppDelegate.m */ = {isa = PBXFileReference; lastKnownFileType = sourcecode.c.objc; path = PMPAppDelegate.m; sourceTree = "<group>"; };
		64A08442150D7DF200BE94AC /* en */ = {isa = PBXFileReference; lastKnownFileType = file.xib; name = en; path = en.lproj/MainMenu.xib; sourceTree = "<group>"; };
		64A0844A150D7DF200BE94AC /* SenTestingKit.framework */ = {isa = PBXFileReference; lastKnownFileType = wrapper.framework; name = SenTestingKit.framework; path = Library/Frameworks/SenTestingKit.framework; sourceTree = DEVELOPER_DIR; };
		64A08461150D7E2500BE94AC /* PMPKVObservation.h */ = {isa = PBXFileReference; fileEncoding = 4; lastKnownFileType = sourcecode.c.h; path = PMPKVObservation.h; sourceTree = "<group>"; };
		64A08462150D7E2500BE94AC /* PMPKVObservation.m */ = {isa = PBXFileReference; fileEncoding = 4; lastKnownFileType = sourcecode.c.objc; path = PMPKVObservation.m; sourceTree = "<group>"; };
		64A08464150D7EE000BE94AC /* TestObservee.h */ = {isa = PBXFileReference; fileEncoding = 4; lastKnownFileType = sourcecode.c.h; name = TestObservee.h; path = "PMPKVO Sample App/TestObservee.h"; sourceTree = SOURCE_ROOT; };
		64A08465150D7EE000BE94AC /* TestObservee.m */ = {isa = PBXFileReference; fileEncoding = 4; lastKnownFileType = sourcecode.c.objc; name = TestObservee.m; path = "PMPKVO Sample App/TestObservee.m"; sourceTree = SOURCE_ROOT; };
		64A0846B150D890B00BE94AC /* PMPKVOTests.h */ = {isa = PBXFileReference; fileEncoding = 4; lastKnownFileType = sourcecode.c.h; path = PMPKVOTests.h; sourceTree = "<group>"; };
		64A0846C150D890B00BE94AC /* PMPKVOTests.m */ = {isa = PBXFileReference; fileEncoding = 4; lastKnownFileType = sourcecode.c.objc; path = PMPKVOTests.m; sourceTree = "<group>"; };
		64EA06A2150ED2DA00E0934C /* README.textile */ = {isa = PBXFileReference; fileEncoding = 4; lastKnownFileType = text; path = README.textile; sourceTree = "<group>"; };
/* End PBXFileReference section */

/* Begin PBXFrameworksBuildPhase section */
		64A08425150D7DF200BE94AC /* Frameworks */ = {
			isa = PBXFrameworksBuildPhase;
			buildActionMask = 2147483647;
			files = (
				64A0842D150D7DF200BE94AC /* Cocoa.framework in Frameworks */,
			);
			runOnlyForDeploymentPostprocessing = 0;
		};
/* End PBXFrameworksBuildPhase section */

/* Begin PBXGroup section */
		64A0841D150D7DF100BE94AC = {
			isa = PBXGroup;
			children = (
				64EA06A2150ED2DA00E0934C /* README.textile */,
				64A08461150D7E2500BE94AC /* PMPKVObservation.h */,
				64A08462150D7E2500BE94AC /* PMPKVObservation.m */,
				64A08432150D7DF200BE94AC /* PMPKVO Sample App */,
				64A0842B150D7DF200BE94AC /* Frameworks */,
				64A08429150D7DF200BE94AC /* Products */,
			);
			sourceTree = "<group>";
		};
		64A08429150D7DF200BE94AC /* Products */ = {
			isa = PBXGroup;
			children = (
				64A08428150D7DF200BE94AC /* PMPKVO Sample App.app */,
			);
			name = Products;
			sourceTree = "<group>";
		};
		64A0842B150D7DF200BE94AC /* Frameworks */ = {
			isa = PBXGroup;
			children = (
				64A0842C150D7DF200BE94AC /* Cocoa.framework */,
				64A0844A150D7DF200BE94AC /* SenTestingKit.framework */,
				64A0842E150D7DF200BE94AC /* Other Frameworks */,
			);
			name = Frameworks;
			sourceTree = "<group>";
		};
		64A0842E150D7DF200BE94AC /* Other Frameworks */ = {
			isa = PBXGroup;
			children = (
				64A0842F150D7DF200BE94AC /* AppKit.framework */,
				64A08430150D7DF200BE94AC /* CoreData.framework */,
				64A08431150D7DF200BE94AC /* Foundation.framework */,
			);
			name = "Other Frameworks";
			sourceTree = "<group>";
		};
		64A08432150D7DF200BE94AC /* PMPKVO Sample App */ = {
			isa = PBXGroup;
			children = (
				64A0843E150D7DF200BE94AC /* PMPAppDelegate.h */,
				64A0843F150D7DF200BE94AC /* PMPAppDelegate.m */,
				64A08441150D7DF200BE94AC /* MainMenu.xib */,
				64A08433150D7DF200BE94AC /* Supporting Files */,
				64A0846B150D890B00BE94AC /* PMPKVOTests.h */,
				64A0846C150D890B00BE94AC /* PMPKVOTests.m */,
				64A08464150D7EE000BE94AC /* TestObservee.h */,
				64A08465150D7EE000BE94AC /* TestObservee.m */,
			);
			path = "PMPKVO Sample App";
			sourceTree = "<group>";
		};
		64A08433150D7DF200BE94AC /* Supporting Files */ = {
			isa = PBXGroup;
			children = (
				64A08434150D7DF200BE94AC /* PMPKVO Sample App-Info.plist */,
				64A08435150D7DF200BE94AC /* InfoPlist.strings */,
				64A08438150D7DF200BE94AC /* main.m */,
				64A0843A150D7DF200BE94AC /* PMPKVO Sample App-Prefix.pch */,
				64A0843B150D7DF200BE94AC /* Credits.rtf */,
			);
			name = "Supporting Files";
			sourceTree = "<group>";
		};
/* End PBXGroup section */

/* Begin PBXNativeTarget section */
		64A08427150D7DF200BE94AC /* PMPKVO Sample App */ = {
			isa = PBXNativeTarget;
			buildConfigurationList = 64A0845A150D7DF200BE94AC /* Build configuration list for PBXNativeTarget "PMPKVO Sample App" */;
			buildPhases = (
				64A08424150D7DF200BE94AC /* Sources */,
				64A08425150D7DF200BE94AC /* Frameworks */,
				64A08426150D7DF200BE94AC /* Resources */,
			);
			buildRules = (
			);
			dependencies = (
			);
			name = "PMPKVO Sample App";
			productName = "PMPKVO Sample App";
			productReference = 64A08428150D7DF200BE94AC /* PMPKVO Sample App.app */;
			productType = "com.apple.product-type.application";
		};
/* End PBXNativeTarget section */

/* Begin PBXProject section */
		64A0841F150D7DF100BE94AC /* Project object */ = {
			isa = PBXProject;
			attributes = {
				LastUpgradeCheck = 0420;
				ORGANIZATIONNAME = "Pumptheory Pty Ltd";
			};
			buildConfigurationList = 64A08422150D7DF100BE94AC /* Build configuration list for PBXProject "PMPKVO Sample App" */;
			compatibilityVersion = "Xcode 3.2";
			developmentRegion = English;
			hasScannedForEncodings = 0;
			knownRegions = (
				en,
			);
			mainGroup = 64A0841D150D7DF100BE94AC;
			productRefGroup = 64A08429150D7DF200BE94AC /* Products */;
			projectDirPath = "";
			projectRoot = "";
			targets = (
				64A08427150D7DF200BE94AC /* PMPKVO Sample App */,
			);
		};
/* End PBXProject section */

/* Begin PBXResourcesBuildPhase section */
		64A08426150D7DF200BE94AC /* Resources */ = {
			isa = PBXResourcesBuildPhase;
			buildActionMask = 2147483647;
			files = (
				64A08437150D7DF200BE94AC /* InfoPlist.strings in Resources */,
				64A0843D150D7DF200BE94AC /* Credits.rtf in Resources */,
				64A08443150D7DF200BE94AC /* MainMenu.xib in Resources */,
				64EA06A3150ED2DA00E0934C /* README.textile in Resources */,
			);
			runOnlyForDeploymentPostprocessing = 0;
		};
/* End PBXResourcesBuildPhase section */

/* Begin PBXSourcesBuildPhase section */
		64A08424150D7DF200BE94AC /* Sources */ = {
			isa = PBXSourcesBuildPhase;
			buildActionMask = 2147483647;
			files = (
				64A08439150D7DF200BE94AC /* main.m in Sources */,
				64A08440150D7DF200BE94AC /* PMPAppDelegate.m in Sources */,
				64A08463150D7E2500BE94AC /* PMPKVObservation.m in Sources */,
				64A08466150D7EE000BE94AC /* TestObservee.m in Sources */,
				64A0846D150D890B00BE94AC /* PMPKVOTests.m in Sources */,
			);
			runOnlyForDeploymentPostprocessing = 0;
		};
/* End PBXSourcesBuildPhase section */

/* Begin PBXVariantGroup section */
		64A08435150D7DF200BE94AC /* InfoPlist.strings */ = {
			isa = PBXVariantGroup;
			children = (
				64A08436150D7DF200BE94AC /* en */,
			);
			name = InfoPlist.strings;
			sourceTree = "<group>";
		};
		64A0843B150D7DF200BE94AC /* Credits.rtf */ = {
			isa = PBXVariantGroup;
			children = (
				64A0843C150D7DF200BE94AC /* en */,
			);
			name = Credits.rtf;
			sourceTree = "<group>";
		};
		64A08441150D7DF200BE94AC /* MainMenu.xib */ = {
			isa = PBXVariantGroup;
			children = (
				64A08442150D7DF200BE94AC /* en */,
			);
			name = MainMenu.xib;
			sourceTree = "<group>";
		};
/* End PBXVariantGroup section */

/* Begin XCBuildConfiguration section */
		64A08458150D7DF200BE94AC /* Debug */ = {
			isa = XCBuildConfiguration;
			buildSettings = {
				ALWAYS_SEARCH_USER_PATHS = NO;
				ARCHS = "$(ARCHS_STANDARD_64_BIT)";
				COPY_PHASE_STRIP = NO;
				GCC_C_LANGUAGE_STANDARD = gnu99;
				GCC_DYNAMIC_NO_PIC = NO;
				GCC_ENABLE_OBJC_EXCEPTIONS = YES;
				GCC_OPTIMIZATION_LEVEL = 0;
				GCC_PREPROCESSOR_DEFINITIONS = (
					"DEBUG=1",
					"$(inherited)",
				);
				GCC_SYMBOLS_PRIVATE_EXTERN = NO;
				GCC_VERSION = com.apple.compilers.llvm.clang.1_0;
				GCC_WARN_64_TO_32_BIT_CONVERSION = YES;
				GCC_WARN_ABOUT_MISSING_PROTOTYPES = YES;
				GCC_WARN_ABOUT_RETURN_TYPE = YES;
				GCC_WARN_UNUSED_VARIABLE = YES;
				MACOSX_DEPLOYMENT_TARGET = 10.7;
				ONLY_ACTIVE_ARCH = YES;
				SDKROOT = macosx;
			};
			name = Debug;
		};
		64A08459150D7DF200BE94AC /* Release */ = {
			isa = XCBuildConfiguration;
			buildSettings = {
				ALWAYS_SEARCH_USER_PATHS = NO;
				ARCHS = "$(ARCHS_STANDARD_64_BIT)";
				COPY_PHASE_STRIP = YES;
				DEBUG_INFORMATION_FORMAT = "dwarf-with-dsym";
				GCC_C_LANGUAGE_STANDARD = gnu99;
				GCC_ENABLE_OBJC_EXCEPTIONS = YES;
				GCC_VERSION = com.apple.compilers.llvm.clang.1_0;
				GCC_WARN_64_TO_32_BIT_CONVERSION = YES;
				GCC_WARN_ABOUT_MISSING_PROTOTYPES = YES;
				GCC_WARN_ABOUT_RETURN_TYPE = YES;
				GCC_WARN_UNUSED_VARIABLE = YES;
				MACOSX_DEPLOYMENT_TARGET = 10.7;
				SDKROOT = macosx;
			};
			name = Release;
		};
		64A0845B150D7DF200BE94AC /* Debug */ = {
			isa = XCBuildConfiguration;
			buildSettings = {
				CLANG_ENABLE_OBJC_ARC = YES;
				GCC_PRECOMPILE_PREFIX_HEADER = YES;
				GCC_PREFIX_HEADER = "PMPKVO Sample App/PMPKVO Sample App-Prefix.pch";
				INFOPLIST_FILE = "PMPKVO Sample App/PMPKVO Sample App-Info.plist";
				MACOSX_DEPLOYMENT_TARGET = 10.7;
				PRODUCT_NAME = "$(TARGET_NAME)";
				WRAPPER_EXTENSION = app;
			};
			name = Debug;
		};
		64A0845C150D7DF200BE94AC /* Release */ = {
			isa = XCBuildConfiguration;
			buildSettings = {
				CLANG_ENABLE_OBJC_ARC = YES;
				GCC_PRECOMPILE_PREFIX_HEADER = YES;
				GCC_PREFIX_HEADER = "PMPKVO Sample App/PMPKVO Sample App-Prefix.pch";
				INFOPLIST_FILE = "PMPKVO Sample App/PMPKVO Sample App-Info.plist";
				MACOSX_DEPLOYMENT_TARGET = 10.7;
				PRODUCT_NAME = "$(TARGET_NAME)";
				WRAPPER_EXTENSION = app;
			};
			name = Release;
		};
/* End XCBuildConfiguration section */

/* Begin XCConfigurationList section */
		64A08422150D7DF100BE94AC /* Build configuration list for PBXProject "PMPKVO Sample App" */ = {
			isa = XCConfigurationList;
			buildConfigurations = (
				64A08458150D7DF200BE94AC /* Debug */,
				64A08459150D7DF200BE94AC /* Release */,
			);
			defaultConfigurationIsVisible = 0;
			defaultConfigurationName = Release;
		};
		64A0845A150D7DF200BE94AC /* Build configuration list for PBXNativeTarget "PMPKVO Sample App" */ = {
			isa = XCConfigurationList;
			buildConfigurations = (
				64A0845B150D7DF200BE94AC /* Debug */,
				64A0845C150D7DF200BE94AC /* Release */,
			);
			defaultConfigurationIsVisible = 0;
			defaultConfigurationName = Release;
		};
/* End XCConfigurationList section */
	};
	rootObject = 64A0841F150D7DF100BE94AC /* Project object */;
}
